
Microsoft Visual Studio Solution File, Format Version 12.00
# Visual Studio Version 16
VisualStudioVersion = 25.0.1706.1
MinimumVisualStudioVersion = 10.0.40219.1
Project("{FAE04EC0-301F-11D3-BF4B-00C04F79EFBC}") = "PlantCare", "PlantCare\PlantCare.csproj", "{DA1D8A69-BCF3-4F19-84B3-6676D3591151}"
EndProject
Global
	GlobalSection(SolutionConfigurationPlatforms) = preSolution
		Debug|Any CPU = Debug|Any CPU
		Release|Any CPU = Release|Any CPU
	EndGlobalSection
	GlobalSection(ProjectConfigurationPlatforms) = postSolution
		{DA1D8A69-BCF3-4F19-84B3-6676D3591151}.Debug|Any CPU.ActiveCfg = Debug|Any CPU
		{DA1D8A69-BCF3-4F19-84B3-6676D3591151}.Debug|Any CPU.Build.0 = Debug|Any CPU
		{DA1D8A69-BCF3-4F19-84B3-6676D3591151}.Release|Any CPU.ActiveCfg = Release|Any CPU
		{DA1D8A69-BCF3-4F19-84B3-6676D3591151}.Release|Any CPU.Build.0 = Release|Any CPU
	EndGlobalSection
	GlobalSection(SolutionProperties) = preSolution
		HideSolutionNode = FALSE
	EndGlobalSection
	GlobalSection(ExtensibilityGlobals) = postSolution
		SolutionGuid = {F7176645-7E0B-4C42-9FC7-EA58176A721C}
	EndGlobalSection
EndGlobal
